{
  "lockfileVersion": 1,
  "configVersion": 1,
  "workspaces": {
    "": {
      "name": "digital-page",
      "dependencies": {
        "@vercel/blob": "^2.3.0",
        "@vercel/postgres": "^0.10.0",
        "better-sqlite3": "^12.6.2",
        "lucide-react": "^0.575.0",
        "next": "16.1.6",
        "react": "^19.0.0",
        "react-dom": "^19.0.0",
        "react-dropzone": "^15.0.0",
        "uuid": "^13.0.0",
      },
      "devDependencies": {
        "@types/better-sqlite3": "^7.6.13",
        "@types/node": "^25.0.0",
        "@types/react": "^19.0.0",
        "@types/react-dom": "^19.0.0",
        "@types/uuid": "^11.0.0",
        "typescript": "^5.0.0",
      },
    },
  },
  "trustedDependencies": [
    "better-sqlite3",
  ],
  "packages": {
    "@emnapi/runtime": ["@emnapi/runtime@1.8.1", "", { "dependencies": { "tslib": "^2.4.0" } }, "sha512-mehfKSMWjjNol8659Z8KxEMrdSJDDot5SXMq00dM8BN4o+CLNXQ0xH2V7EchNHV4RmbZLmmPdEaXZc5H2FXmDg=="],

    "@img/colour": ["@img/colour@1.0.0", "", {}, "sha512-A5P/LfWGFSl6nsckYtjw9da+19jB8hkJ6ACTGcDfEJ0aE+l2n2El7dsVM7UVHZQ9s2lmYMWlrS21YLy2IR1LUw=="],

    "@img/sharp-darwin-arm64": ["@img/sharp-darwin-arm64@0.34.5", "", { "optionalDependencies": { "@img/sharp-libvips-darwin-arm64": "1.2.4" }, "os": "darwin", "cpu": "arm64" }, "sha512-imtQ3WMJXbMY4fxb/Ndp6HBTNVtWCUI0WdobyheGf5+ad6xX8VIDO8u2xE4qc/fr08CKG/7dDseFtn6M6g/r3w=="],

    "@img/sharp-darwin-x64": ["@img/sharp-darwin-x64@0.34.5", "", { "optionalDependencies": { "@img/sharp-libvips-darwin-x64": "1.2.4" }, "os": "darwin", "cpu": "x64" }, "sha512-YNEFAF/4KQ/PeW0N+r+aVVsoIY0/qxxikF2SWdp+NRkmMB7y9LBZAVqQ4yhGCm/H3H270OSykqmQMKLBhBJDEw=="],

    "@img/sharp-libvips-darwin-arm64": ["@img/sharp-libvips-darwin-arm64@1.2.4", "", { "os": "darwin", "cpu": "arm64" }, "sha512-zqjjo7RatFfFoP0MkQ51jfuFZBnVE2pRiaydKJ1G/rHZvnsrHAOcQALIi9sA5co5xenQdTugCvtb1cuf78Vf4g=="],

    "@img/sharp-libvips-darwin-x64": ["@img/sharp-libvips-darwin-x64@1.2.4", "", { "os": "darwin", "cpu": "x64" }, "sha512-1IOd5xfVhlGwX+zXv2N93k0yMONvUlANylbJw1eTah8K/Jtpi15KC+WSiaX/nBmbm2HxRM1gZ0nSdjSsrZbGKg=="],

    "@img/sharp-libvips-linux-arm": ["@img/sharp-libvips-linux-arm@1.2.4", "", { "os": "linux", "cpu": "arm" }, "sha512-bFI7xcKFELdiNCVov8e44Ia4u2byA+l3XtsAj+Q8tfCwO6BQ8iDojYdvoPMqsKDkuoOo+X6HZA0s0q11ANMQ8A=="],

    "@img/sharp-libvips-linux-arm64": ["@img/sharp-libvips-linux-arm64@1.2.4", "", { "os": "linux", "cpu": "arm64" }, "sha512-excjX8DfsIcJ10x1Kzr4RcWe1edC9PquDRRPx3YVCvQv+U5p7Yin2s32ftzikXojb1PIFc/9Mt28/y+iRklkrw=="],

    "@img/sharp-libvips-linux-ppc64": ["@img/sharp-libvips-linux-ppc64@1.2.4", "", { "os": "linux", "cpu": "ppc64" }, "sha512-FMuvGijLDYG6lW+b/UvyilUWu5Ayu+3r2d1S8notiGCIyYU/76eig1UfMmkZ7vwgOrzKzlQbFSuQfgm7GYUPpA=="],

    "@img/sharp-libvips-linux-riscv64": ["@img/sharp-libvips-linux-riscv64@1.2.4", "", { "os": "linux", "cpu": "none" }, "sha512-oVDbcR4zUC0ce82teubSm+x6ETixtKZBh/qbREIOcI3cULzDyb18Sr/Wcyx7NRQeQzOiHTNbZFF1UwPS2scyGA=="],

    "@img/sharp-libvips-linux-s390x": ["@img/sharp-libvips-linux-s390x@1.2.4", "", { "os": "linux", "cpu": "s390x" }, "sha512-qmp9VrzgPgMoGZyPvrQHqk02uyjA0/QrTO26Tqk6l4ZV0MPWIW6LTkqOIov+J1yEu7MbFQaDpwdwJKhbJvuRxQ=="],

    "@img/sharp-libvips-linux-x64": ["@img/sharp-libvips-linux-x64@1.2.4", "", { "os": "linux", "cpu": "x64" }, "sha512-tJxiiLsmHc9Ax1bz3oaOYBURTXGIRDODBqhveVHonrHJ9/+k89qbLl0bcJns+e4t4rvaNBxaEZsFtSfAdquPrw=="],

    "@img/sharp-libvips-linuxmusl-arm64": ["@img/sharp-libvips-linuxmusl-arm64@1.2.4", "", { "os": "linux", "cpu": "arm64" }, "sha512-FVQHuwx1IIuNow9QAbYUzJ+En8KcVm9Lk5+uGUQJHaZmMECZmOlix9HnH7n1TRkXMS0pGxIJokIVB9SuqZGGXw=="],

    "@img/sharp-libvips-linuxmusl-x64": ["@img/sharp-libvips-linuxmusl-x64@1.2.4", "", { "os": "linux", "cpu": "x64" }, "sha512-+LpyBk7L44ZIXwz/VYfglaX/okxezESc6UxDSoyo2Ks6Jxc4Y7sGjpgU9s4PMgqgjj1gZCylTieNamqA1MF7Dg=="],

    "@img/sharp-linux-arm": ["@img/sharp-linux-arm@0.34.5", "", { "optionalDependencies": { "@img/sharp-libvips-linux-arm": "1.2.4" }, "os": "linux", "cpu": "arm" }, "sha512-9dLqsvwtg1uuXBGZKsxem9595+ujv0sJ6Vi8wcTANSFpwV/GONat5eCkzQo/1O6zRIkh0m/8+5BjrRr7jDUSZw=="],

    "@img/sharp-linux-arm64": ["@img/sharp-linux-arm64@0.34.5", "", { "optionalDependencies": { "@img/sharp-libvips-linux-arm64": "1.2.4" }, "os": "linux", "cpu": "arm64" }, "sha512-bKQzaJRY/bkPOXyKx5EVup7qkaojECG6NLYswgktOZjaXecSAeCWiZwwiFf3/Y+O1HrauiE3FVsGxFg8c24rZg=="],

    "@img/sharp-linux-ppc64": ["@img/sharp-linux-ppc64@0.34.5", "", { "optionalDependencies": { "@img/sharp-libvips-linux-ppc64": "1.2.4" }, "os": "linux", "cpu": "ppc64" }, "sha512-7zznwNaqW6YtsfrGGDA6BRkISKAAE1Jo0QdpNYXNMHu2+0dTrPflTLNkpc8l7MUP5M16ZJcUvysVWWrMefZquA=="],

    "@img/sharp-linux-riscv64": ["@img/sharp-linux-riscv64@0.34.5", "", { "optionalDependencies": { "@img/sharp-libvips-linux-riscv64": "1.2.4" }, "os": "linux", "cpu": "none" }, "sha512-51gJuLPTKa7piYPaVs8GmByo7/U7/7TZOq+cnXJIHZKavIRHAP77e3N2HEl3dgiqdD/w0yUfiJnII77PuDDFdw=="],

    "@img/sharp-linux-s390x": ["@img/sharp-linux-s390x@0.34.5", "", { "optionalDependencies": { "@img/sharp-libvips-linux-s390x": "1.2.4" }, "os": "linux", "cpu": "s390x" }, "sha512-nQtCk0PdKfho3eC5MrbQoigJ2gd1CgddUMkabUj+rBevs8tZ2cULOx46E7oyX+04WGfABgIwmMC0VqieTiR4jg=="],

    "@img/sharp-linux-x64": ["@img/sharp-linux-x64@0.34.5", "", { "optionalDependencies": { "@img/sharp-libvips-linux-x64": "1.2.4" }, "os": "linux", "cpu": "x64" }, "sha512-MEzd8HPKxVxVenwAa+JRPwEC7QFjoPWuS5NZnBt6B3pu7EG2Ge0id1oLHZpPJdn3OQK+BQDiw9zStiHBTJQQQQ=="],

    "@img/sharp-linuxmusl-arm64": ["@img/sharp-linuxmusl-arm64@0.34.5", "", { "optionalDependencies": { "@img/sharp-libvips-linuxmusl-arm64": "1.2.4" }, "os": "linux", "cpu": "arm64" }, "sha512-fprJR6GtRsMt6Kyfq44IsChVZeGN97gTD331weR1ex1c1rypDEABN6Tm2xa1wE6lYb5DdEnk03NZPqA7Id21yg=="],

    "@img/sharp-linuxmusl-x64": ["@img/sharp-linuxmusl-x64@0.34.5", "", { "optionalDependencies": { "@img/sharp-libvips-linuxmusl-x64": "1.2.4" }, "os": "linux", "cpu": "x64" }, "sha512-Jg8wNT1MUzIvhBFxViqrEhWDGzqymo3sV7z7ZsaWbZNDLXRJZoRGrjulp60YYtV4wfY8VIKcWidjojlLcWrd8Q=="],

    "@img/sharp-wasm32": ["@img/sharp-wasm32@0.34.5", "", { "dependencies": { "@emnapi/runtime": "^1.7.0" }, "cpu": "none" }, "sha512-OdWTEiVkY2PHwqkbBI8frFxQQFekHaSSkUIJkwzclWZe64O1X4UlUjqqqLaPbUpMOQk6FBu/HtlGXNblIs0huw=="],

    "@img/sharp-win32-arm64": ["@img/sharp-win32-arm64@0.34.5", "", { "os": "win32", "cpu": "arm64" }, "sha512-WQ3AgWCWYSb2yt+IG8mnC6Jdk9Whs7O0gxphblsLvdhSpSTtmu69ZG1Gkb6NuvxsNACwiPV6cNSZNzt0KPsw7g=="],

    "@img/sharp-win32-ia32": ["@img/sharp-win32-ia32@0.34.5", "", { "os": "win32", "cpu": "ia32" }, "sha512-FV9m/7NmeCmSHDD5j4+4pNI8Cp3aW+JvLoXcTUo0IqyjSfAZJ8dIUmijx1qaJsIiU+Hosw6xM5KijAWRJCSgNg=="],

    "@img/sharp-win32-x64": ["@img/sharp-win32-x64@0.34.5", "", { "os": "win32", "cpu": "x64" }, "sha512-+29YMsqY2/9eFEiW93eqWnuLcWcufowXewwSNIT6UwZdUUCrM3oFjMWH/Z6/TMmb4hlFenmfAVbpWeup2jryCw=="],

    "@neondatabase/serverless": ["@neondatabase/serverless@0.9.5", "", { "dependencies": { "@types/pg": "8.11.6" } }, "sha512-siFas6gItqv6wD/pZnvdu34wEqgG3nSE6zWZdq5j2DEsa+VvX8i/5HXJOo06qrw5axPXn+lGCxeR+NLaSPIXug=="],

    "@next/env": ["@next/env@16.1.6", "", {}, "sha512-N1ySLuZjnAtN3kFnwhAwPvZah8RJxKasD7x1f8shFqhncnWZn4JMfg37diLNuoHsLAlrDfM3g4mawVdtAG8XLQ=="],

    "@next/swc-darwin-arm64": ["@next/swc-darwin-arm64@16.1.6", "", { "os": "darwin", "cpu": "arm64" }, "sha512-wTzYulosJr/6nFnqGW7FrG3jfUUlEf8UjGA0/pyypJl42ExdVgC6xJgcXQ+V8QFn6niSG2Pb8+MIG1mZr2vczw=="],

    "@next/swc-darwin-x64": ["@next/swc-darwin-x64@16.1.6", "", { "os": "darwin", "cpu": "x64" }, "sha512-BLFPYPDO+MNJsiDWbeVzqvYd4NyuRrEYVB5k2N3JfWncuHAy2IVwMAOlVQDFjj+krkWzhY2apvmekMkfQR0CUQ=="],

    "@next/swc-linux-arm64-gnu": ["@next/swc-linux-arm64-gnu@16.1.6", "", { "os": "linux", "cpu": "arm64" }, "sha512-OJYkCd5pj/QloBvoEcJ2XiMnlJkRv9idWA/j0ugSuA34gMT6f5b7vOiCQHVRpvStoZUknhl6/UxOXL4OwtdaBw=="],

    "@next/swc-linux-arm64-musl": ["@next/swc-linux-arm64-musl@16.1.6", "", { "os": "linux", "cpu": "arm64" }, "sha512-S4J2v+8tT3NIO9u2q+S0G5KdvNDjXfAv06OhfOzNDaBn5rw84DGXWndOEB7d5/x852A20sW1M56vhC/tRVbccQ=="],

    "@next/swc-linux-x64-gnu": ["@next/swc-linux-x64-gnu@16.1.6", "", { "os": "linux", "cpu": "x64" }, "sha512-2eEBDkFlMMNQnkTyPBhQOAyn2qMxyG2eE7GPH2WIDGEpEILcBPI/jdSv4t6xupSP+ot/jkfrCShLAa7+ZUPcJQ=="],

    "@next/swc-linux-x64-musl": ["@next/swc-linux-x64-musl@16.1.6", "", { "os": "linux", "cpu": "x64" }, "sha512-oicJwRlyOoZXVlxmIMaTq7f8pN9QNbdes0q2FXfRsPhfCi8n8JmOZJm5oo1pwDaFbnnD421rVU409M3evFbIqg=="],

    "@next/swc-win32-arm64-msvc": ["@next/swc-win32-arm64-msvc@16.1.6", "", { "os": "win32", "cpu": "arm64" }, "sha512-gQmm8izDTPgs+DCWH22kcDmuUp7NyiJgEl18bcr8irXA5N2m2O+JQIr6f3ct42GOs9c0h8QF3L5SzIxcYAAXXw=="],

    "@next/swc-win32-x64-msvc": ["@next/swc-win32-x64-msvc@16.1.6", "", { "os": "win32", "cpu": "x64" }, "sha512-NRfO39AIrzBnixKbjuo2YiYhB6o9d8v/ymU9m/Xk8cyVk+k7XylniXkHwjs4s70wedVffc6bQNbufk5v0xEm0A=="],

    "@swc/helpers": ["@swc/helpers@0.5.15", "", { "dependencies": { "tslib": "^2.8.0" } }, "sha512-JQ5TuMi45Owi4/BIMAJBoSQoOJu12oOk/gADqlcUL9JEdHB8vyjUSsxqeNXnmXHjYKMi2WcYtezGEEhqUI/E2g=="],

    "@types/better-sqlite3": ["@types/better-sqlite3@7.6.13", "", { "dependencies": { "@types/node": "*" } }, "sha512-NMv9ASNARoKksWtsq/SHakpYAYnhBrQgGD8zkLYk/jaK8jUGn08CfEdTRgYhMypUQAfzSP8W6gNLe0q19/t4VA=="],

    "@types/node": ["@types/node@25.3.2", "", { "dependencies": { "undici-types": "~7.18.0" } }, "sha512-RpV6r/ij22zRRdyBPcxDeKAzH43phWVKEjL2iksqo1Vz3CuBUrgmPpPhALKiRfU7OMCmeeO9vECBMsV0hMTG8Q=="],

    "@types/pg": ["@types/pg@8.11.6", "", { "dependencies": { "@types/node": "*", "pg-protocol": "*", "pg-types": "^4.0.1" } }, "sha512-/2WmmBXHLsfRqzfHW7BNZ8SbYzE8OSk7i3WjFYvfgRHj7S1xj+16Je5fUKv3lVdVzk/zn9TXOqf+avFCFIE0yQ=="],

    "@types/react": ["@types/react@19.2.14", "", { "dependencies": { "csstype": "^3.2.2" } }, "sha512-ilcTH/UniCkMdtexkoCN0bI7pMcJDvmQFPvuPvmEaYA/NSfFTAgdUSLAoVjaRJm7+6PvcM+q1zYOwS4wTYMF9w=="],

    "@types/react-dom": ["@types/react-dom@19.2.3", "", { "peerDependencies": { "@types/react": "^19.2.0" } }, "sha512-jp2L/eY6fn+KgVVQAOqYItbF0VY/YApe5Mz2F0aykSO8gx31bYCZyvSeYxCHKvzHG5eZjc+zyaS5BrBWya2+kQ=="],

    "@types/uuid": ["@types/uuid@11.0.0", "", { "dependencies": { "uuid": "*" } }, "sha512-HVyk8nj2m+jcFRNazzqyVKiZezyhDKrGUA3jlEcg/nZ6Ms+qHwocba1Y/AaVaznJTAM9xpdFSh+ptbNrhOGvZA=="],

    "@vercel/blob": ["@vercel/blob@2.3.0", "", { "dependencies": { "async-retry": "^1.3.3", "is-buffer": "^2.0.5", "is-node-process": "^1.2.0", "throttleit": "^2.1.0", "undici": "^6.23.0" } }, "sha512-oYWiJbWRQ7gz9Mj0X/NHFJ3OcLMOBzq/2b3j6zeNrQmtFo6dHwU8FAwNpxVIYddVMd+g8eqEi7iRueYx8FtM0Q=="],

    "@vercel/postgres": ["@vercel/postgres@0.10.0", "", { "dependencies": { "@neondatabase/serverless": "^0.9.3", "bufferutil": "^4.0.8", "ws": "^8.17.1" } }, "sha512-fSD23DxGND40IzSkXjcFcxr53t3Tiym59Is0jSYIFpG4/0f0KO9SGtcp1sXiebvPaGe7N/tU05cH4yt2S6/IPg=="],

    "async-retry": ["async-retry@1.3.3", "", { "dependencies": { "retry": "0.13.1" } }, "sha512-wfr/jstw9xNi/0teMHrRW7dsz3Lt5ARhYNZ2ewpadnhaIp5mbALhOAP+EAdsC7t4Z6wqsDVv9+W6gm1Dk9mEyw=="],

    "attr-accept": ["attr-accept@2.2.5", "", {}, "sha512-0bDNnY/u6pPwHDMoF0FieU354oBi0a8rD9FcsLwzcGWbc8KS8KPIi7y+s13OlVY+gMWc/9xEMUgNE6Qm8ZllYQ=="],

    "base64-js": ["base64-js@1.5.1", "", {}, "sha512-AKpaYlHn8t4SVbOHCy+b5+KKgvR4vrsD8vbvrbiQJps7fKDTkjkDry6ji0rUJjC0kzbNePLwzxq8iypo41qeWA=="],

    "baseline-browser-mapping": ["baseline-browser-mapping@2.10.0", "", { "bin": { "baseline-browser-mapping": "dist/cli.cjs" } }, "sha512-lIyg0szRfYbiy67j9KN8IyeD7q7hcmqnJ1ddWmNt19ItGpNN64mnllmxUNFIOdOm6by97jlL6wfpTTJrmnjWAA=="],

    "better-sqlite3": ["better-sqlite3@12.6.2", "", { "dependencies": { "bindings": "^1.5.0", "prebuild-install": "^7.1.1" } }, "sha512-8VYKM3MjCa9WcaSAI3hzwhmyHVlH8tiGFwf0RlTsZPWJ1I5MkzjiudCo4KC4DxOaL/53A5B1sI/IbldNFDbsKA=="],

    "bindings": ["bindings@1.5.0", "", { "dependencies": { "file-uri-to-path": "1.0.0" } }, "sha512-p2q/t/mhvuOj/UeLlV6566GD/guowlr0hHxClI0W9m7MWYkL1F0hLo+0Aexs9HSPCtR1SXQ0TD3MMKrXZajbiQ=="],

    "bl": ["bl@4.1.0", "", { "dependencies": { "buffer": "^5.5.0", "inherits": "^2.0.4", "readable-stream": "^3.4.0" } }, "sha512-1W07cM9gS6DcLperZfFSj+bWLtaPGSOHWhPiGzXmvVJbRLdG82sH/Kn8EtW1VqWVA54AKf2h5k5BbnIbwF3h6w=="],

    "buffer": ["buffer@5.7.1", "", { "dependencies": { "base64-js": "^1.3.1", "ieee754": "^1.1.13" } }, "sha512-EHcyIPBQ4BSGlvjB16k5KgAJ27CIsHY/2JBmCRReo48y9rQ3MaUzWX3KVlBa4U7MyX02HdVj0K7C3WaB3ju7FQ=="],

    "bufferutil": ["bufferutil@4.1.0", "", { "dependencies": { "node-gyp-build": "^4.3.0" } }, "sha512-ZMANVnAixE6AWWnPzlW2KpUrxhm9woycYvPOo67jWHyFowASTEd9s+QN1EIMsSDtwhIxN4sWE1jotpuDUIgyIw=="],

    "caniuse-lite": ["caniuse-lite@1.0.30001774", "", {}, "sha512-DDdwPGz99nmIEv216hKSgLD+D4ikHQHjBC/seF98N9CPqRX4M5mSxT9eTV6oyisnJcuzxtZy4n17yKKQYmYQOA=="],

    "chownr": ["chownr@1.1.4", "", {}, "sha512-jJ0bqzaylmJtVnNgzTeSOs8DPavpbYgEr/b0YL8/2GO3xJEhInFmhKMUnEJQjZumK7KXGFhUy89PrsJWlakBVg=="],

    "client-only": ["client-only@0.0.1", "", {}, "sha512-IV3Ou0jSMzZrd3pZ48nLkT9DA7Ag1pnPzaiQhpW7c3RbcqqzvzzVu+L8gfqMp/8IM2MQtSiqaCxrrcfu8I8rMA=="],

    "csstype": ["csstype@3.2.3", "", {}, "sha512-z1HGKcYy2xA8AGQfwrn0PAy+PB7X/GSj3UVJW9qKyn43xWa+gl5nXmU4qqLMRzWVLFC8KusUX8T/0kCiOYpAIQ=="],

    "decompress-response": ["decompress-response@6.0.0", "", { "dependencies": { "mimic-response": "^3.1.0" } }, "sha512-aW35yZM6Bb/4oJlZncMH2LCoZtJXTRxES17vE3hoRiowU2kWHaJKFkSBDnDR+cm9J+9QhXmREyIfv0pji9ejCQ=="],

    "deep-extend": ["deep-extend@0.6.0", "", {}, "sha512-LOHxIOaPYdHlJRtCQfDIVZtfw/ufM8+rVj649RIHzcm/vGwQRXFt6OPqIFWsm2XEMrNIEtWR64sY1LEKD2vAOA=="],

    "detect-libc": ["detect-libc@2.1.2", "", {}, "sha512-Btj2BOOO83o3WyH59e8MgXsxEQVcarkUOpEYrubB0urwnN10yQ364rsiByU11nZlqWYZm05i/of7io4mzihBtQ=="],

    "end-of-stream": ["end-of-stream@1.4.5", "", { "dependencies": { "once": "^1.4.0" } }, "sha512-ooEGc6HP26xXq/N+GCGOT0JKCLDGrq2bQUZrQ7gyrJiZANJ/8YDTxTpQBXGMn+WbIQXNVpyWymm7KYVICQnyOg=="],

    "expand-template": ["expand-template@2.0.3", "", {}, "sha512-XYfuKMvj4O35f/pOXLObndIRvyQ+/+6AhODh+OKWj9S9498pHHn/IMszH+gt0fBCRWMNfk1ZSp5x3AifmnI2vg=="],

    "file-selector": ["file-selector@2.1.2", "", { "dependencies": { "tslib": "^2.7.0" } }, "sha512-QgXo+mXTe8ljeqUFaX3QVHc5osSItJ/Km+xpocx0aSqWGMSCf6qYs/VnzZgS864Pjn5iceMRFigeAV7AfTlaig=="],

    "file-uri-to-path": ["file-uri-to-path@1.0.0", "", {}, "sha512-0Zt+s3L7Vf1biwWZ29aARiVYLx7iMGnEUl9x33fbB/j3jR81u/O2LbqK+Bm1CDSNDKVtJ/YjwY7TUd5SkeLQLw=="],

    "fs-constants": ["fs-constants@1.0.0", "", {}, "sha512-y6OAwoSIf7FyjMIv94u+b5rdheZEjzR63GTyZJm5qh4Bi+2YgwLCcI/fPFZkL5PSixOt6ZNKm+w+Hfp/Bciwow=="],

    "github-from-package": ["github-from-package@0.0.0", "", {}, "sha512-SyHy3T1v2NUXn29OsWdxmK6RwHD+vkj3v8en8AOBZ1wBQ/hCAQ5bAQTD02kW4W9tUp/3Qh6J8r9EvntiyCmOOw=="],

    "ieee754": ["ieee754@1.2.1", "", {}, "sha512-dcyqhDvX1C46lXZcVqCpK+FtMRQVdIMN6/Df5js2zouUsqG7I6sFxitIC+7KYK29KdXOLHdu9zL4sFnoVQnqaA=="],

    "inherits": ["inherits@2.0.4", "", {}, "sha512-k/vGaX4/Yla3WzyMCvTQOXYeIHvqOKtnqBduzTHpzpQZzAskKMhZ2K+EnBiSM9zGSoIFeMpXKxa4dYeZIQqewQ=="],

    "ini": ["ini@1.3.8", "", {}, "sha512-JV/yugV2uzW5iMRSiZAyDtQd+nxtUnjeLt0acNdw98kKLrvuRVyB80tsREOE7yvGVgalhZ6RNXCmEHkUKBKxew=="],

    "is-buffer": ["is-buffer@2.0.5", "", {}, "sha512-i2R6zNFDwgEHJyQUtJEk0XFi1i0dPFn/oqjK3/vPCcDeJvW5NQ83V8QbicfF1SupOaB0h8ntgBC2YiE7dfyctQ=="],

    "is-node-process": ["is-node-process@1.2.0", "", {}, "sha512-Vg4o6/fqPxIjtxgUH5QLJhwZ7gW5diGCVlXpuUfELC62CuxM1iHcRe51f2W1FDy04Ai4KJkagKjx3XaqyfRKXw=="],

    "js-tokens": ["js-tokens@4.0.0", "", {}, "sha512-RdJUflcE3cUzKiMqQgsCu06FPu9UdIJO0beYbPhHN4k6apgJtifcoCtT9bcxOpYBtpD2kCM6Sbzg4CausW/PKQ=="],

    "loose-envify": ["loose-envify@1.4.0", "", { "dependencies": { "js-tokens": "^3.0.0 || ^4.0.0" }, "bin": { "loose-envify": "cli.js" } }, "sha512-lyuxPGr/Wfhrlem2CL/UcnUc1zcqKAImBDzukY7Y5F/yQiNdko6+fRLevlw1HgMySw7f611UIY408EtxRSoK3Q=="],

    "lucide-react": ["lucide-react@0.575.0", "", { "peerDependencies": { "react": "^16.5.1 || ^17.0.0 || ^18.0.0 || ^19.0.0" } }, "sha512-VuXgKZrk0uiDlWjGGXmKV6MSk9Yy4l10qgVvzGn2AWBx1Ylt0iBexKOAoA6I7JO3m+M9oeovJd3yYENfkUbOeg=="],

    "mimic-response": ["mimic-response@3.1.0", "", {}, "sha512-z0yWI+4FDrrweS8Zmt4Ej5HdJmky15+L2e6Wgn3+iK5fWzb6T3fhNFq2+MeTRb064c6Wr4N/wv0DzQTjNzHNGQ=="],

    "minimist": ["minimist@1.2.8", "", {}, "sha512-2yyAR8qBkN3YuheJanUpWC5U3bb5osDywNB8RzDVlDwDHbocAJveqqj1u8+SVD7jkWT4yvsHCpWqqWqAxb0zCA=="],

    "mkdirp-classic": ["mkdirp-classic@0.5.3", "", {}, "sha512-gKLcREMhtuZRwRAfqP3RFW+TK4JqApVBtOIftVgjuABpAtpxhPGaDcfvbhNvD0B8iD1oUr/txX35NjcaY6Ns/A=="],

    "nanoid": ["nanoid@3.3.11", "", { "bin": { "nanoid": "bin/nanoid.cjs" } }, "sha512-N8SpfPUnUp1bK+PMYW8qSWdl9U+wwNWI4QKxOYDy9JAro3WMX7p2OeVRF9v+347pnakNevPmiHhNmZ2HbFA76w=="],

    "napi-build-utils": ["napi-build-utils@2.0.0", "", {}, "sha512-GEbrYkbfF7MoNaoh2iGG84Mnf/WZfB0GdGEsM8wz7Expx/LlWf5U8t9nvJKXSp3qr5IsEbK04cBGhol/KwOsWA=="],

    "next": ["next@16.1.6", "", { "dependencies": { "@next/env": "16.1.6", "@swc/helpers": "0.5.15", "baseline-browser-mapping": "^2.8.3", "caniuse-lite": "^1.0.30001579", "postcss": "8.4.31", "styled-jsx": "5.1.6" }, "optionalDependencies": { "@next/swc-darwin-arm64": "16.1.6", "@next/swc-darwin-x64": "16.1.6", "@next/swc-linux-arm64-gnu": "16.1.6", "@next/swc-linux-arm64-musl": "16.1.6", "@next/swc-linux-x64-gnu": "16.1.6", "@next/swc-linux-x64-musl": "16.1.6", "@next/swc-win32-arm64-msvc": "16.1.6", "@next/swc-win32-x64-msvc": "16.1.6", "sharp": "^0.34.4" }, "peerDependencies": { "@opentelemetry/api": "^1.1.0", "@playwright/test": "^1.51.1", "babel-plugin-react-compiler": "*", "react": "^18.2.0 || 19.0.0-rc-de68d2f4-20241204 || ^19.0.0", "react-dom": "^18.2.0 || 19.0.0-rc-de68d2f4-20241204 || ^19.0.0", "sass": "^1.3.0" }, "optionalPeers": ["@opentelemetry/api", "@playwright/test", "babel-plugin-react-compiler", "sass"], "bin": { "next": "dist/bin/next" } }, "sha512-hkyRkcu5x/41KoqnROkfTm2pZVbKxvbZRuNvKXLRXxs3VfyO0WhY50TQS40EuKO9SW3rBj/sF3WbVwDACeMZyw=="],

    "node-abi": ["node-abi@3.87.0", "", { "dependencies": { "semver": "^7.3.5" } }, "sha512-+CGM1L1CgmtheLcBuleyYOn7NWPVu0s0EJH2C4puxgEZb9h8QpR9G2dBfZJOAUhi7VQxuBPMd0hiISWcTyiYyQ=="],

    "node-gyp-build": ["node-gyp-build@4.8.4", "", { "bin": { "node-gyp-build": "bin.js", "node-gyp-build-optional": "optional.js", "node-gyp-build-test": "build-test.js" } }, "sha512-LA4ZjwlnUblHVgq0oBF3Jl/6h/Nvs5fzBLwdEF4nuxnFdsfajde4WfxtJr3CaiH+F6ewcIB/q4jQ4UzPyid+CQ=="],

    "object-assign": ["object-assign@4.1.1", "", {}, "sha512-rJgTQnkUnH1sFw8yT6VSU3zD3sWmu6sZhIseY8VX+GRu3P6F7Fu+JNDoXfklElbLJSnc3FUQHVe4cU5hj+BcUg=="],

    "obuf": ["obuf@1.1.2", "", {}, "sha512-PX1wu0AmAdPqOL1mWhqmlOd8kOIZQwGZw6rh7uby9fTc5lhaOWFLX3I6R1hrF9k3zUY40e6igsLGkDXK92LJNg=="],

    "once": ["once@1.4.0", "", { "dependencies": { "wrappy": "1" } }, "sha512-lNaJgI+2Q5URQBkccEKHTQOPaXdUxnZZElQTZY0MFUAuaEqe1E+Nyvgdz/aIyNi6Z9MzO5dv1H8n58/GELp3+w=="],

    "pg-int8": ["pg-int8@1.0.1", "", {}, "sha512-WCtabS6t3c8SkpDBUlb1kjOs7l66xsGdKpIPZsg4wR+B3+u9UAum2odSsF9tnvxg80h4ZxLWMy4pRjOsFIqQpw=="],

    "pg-numeric": ["pg-numeric@1.0.2", "", {}, "sha512-BM/Thnrw5jm2kKLE5uJkXqqExRUY/toLHda65XgFTBTFYZyopbKjBe29Ii3RbkvlsMoFwD+tHeGaCjjv0gHlyw=="],

    "pg-protocol": ["pg-protocol@1.12.0", "", {}, "sha512-uOANXNRACNdElMXJ0tPz6RBM0XQ61nONGAwlt8da5zs/iUOOCLBQOHSXnrC6fMsvtjxbOJrZZl5IScGv+7mpbg=="],

    "pg-types": ["pg-types@4.1.0", "", { "dependencies": { "pg-int8": "1.0.1", "pg-numeric": "1.0.2", "postgres-array": "~3.0.1", "postgres-bytea": "~3.0.0", "postgres-date": "~2.1.0", "postgres-interval": "^3.0.0", "postgres-range": "^1.1.1" } }, "sha512-o2XFanIMy/3+mThw69O8d4n1E5zsLhdO+OPqswezu7Z5ekP4hYDqlDjlmOpYMbzY2Br0ufCwJLdDIXeNVwcWFg=="],

    "picocolors": ["picocolors@1.1.1", "", {}, "sha512-xceH2snhtb5M9liqDsmEw56le376mTZkEX/jEb/RxNFyegNul7eNslCXP9FDj/Lcu0X8KEyMceP2ntpaHrDEVA=="],

    "postcss": ["postcss@8.4.31", "", { "dependencies": { "nanoid": "^3.3.6", "picocolors": "^1.0.0", "source-map-js": "^1.0.2" } }, "sha512-PS08Iboia9mts/2ygV3eLpY5ghnUcfLV/EXTOW1E2qYxJKGGBUtNjN76FYHnMs36RmARn41bC0AZmn+rR0OVpQ=="],

    "postgres-array": ["postgres-array@3.0.4", "", {}, "sha512-nAUSGfSDGOaOAEGwqsRY27GPOea7CNipJPOA7lPbdEpx5Kg3qzdP0AaWC5MlhTWV9s4hFX39nomVZ+C4tnGOJQ=="],

    "postgres-bytea": ["postgres-bytea@3.0.0", "", { "dependencies": { "obuf": "~1.1.2" } }, "sha512-CNd4jim9RFPkObHSjVHlVrxoVQXz7quwNFpz7RY1okNNme49+sVyiTvTRobiLV548Hx/hb1BG+iE7h9493WzFw=="],

    "postgres-date": ["postgres-date@2.1.0", "", {}, "sha512-K7Juri8gtgXVcDfZttFKVmhglp7epKb1K4pgrkLxehjqkrgPhfG6OO8LHLkfaqkbpjNRnra018XwAr1yQFWGcA=="],

    "postgres-interval": ["postgres-interval@3.0.0", "", {}, "sha512-BSNDnbyZCXSxgA+1f5UU2GmwhoI0aU5yMxRGO8CdFEcY2BQF9xm/7MqKnYoM1nJDk8nONNWDk9WeSmePFhQdlw=="],

    "postgres-range": ["postgres-range@1.1.4", "", {}, "sha512-i/hbxIE9803Alj/6ytL7UHQxRvZkI9O4Sy+J3HGc4F4oo/2eQAjTSNJ0bfxyse3bH0nuVesCk+3IRLaMtG3H6w=="],

    "prebuild-install": ["prebuild-install@7.1.3", "", { "dependencies": { "detect-libc": "^2.0.0", "expand-template": "^2.0.3", "github-from-package": "0.0.0", "minimist": "^1.2.3", "mkdirp-classic": "^0.5.3", "napi-build-utils": "^2.0.0", "node-abi": "^3.3.0", "pump": "^3.0.0", "rc": "^1.2.7", "simple-get": "^4.0.0", "tar-fs": "^2.0.0", "tunnel-agent": "^0.6.0" }, "bin": { "prebuild-install": "bin.js" } }, "sha512-8Mf2cbV7x1cXPUILADGI3wuhfqWvtiLA1iclTDbFRZkgRQS0NqsPZphna9V+HyTEadheuPmjaJMsbzKQFOzLug=="],

    "prop-types": ["prop-types@15.8.1", "", { "dependencies": { "loose-envify": "^1.4.0", "object-assign": "^4.1.1", "react-is": "^16.13.1" } }, "sha512-oj87CgZICdulUohogVAR7AjlC0327U4el4L6eAvOqCeudMDVU0NThNaV+b9Df4dXgSP1gXMTnPdhfe/2qDH5cg=="],

    "pump": ["pump@3.0.3", "", { "dependencies": { "end-of-stream": "^1.1.0", "once": "^1.3.1" } }, "sha512-todwxLMY7/heScKmntwQG8CXVkWUOdYxIvY2s0VWAAMh/nd8SoYiRaKjlr7+iCs984f2P8zvrfWcDDYVb73NfA=="],

    "rc": ["rc@1.2.8", "", { "dependencies": { "deep-extend": "^0.6.0", "ini": "~1.3.0", "minimist": "^1.2.0", "strip-json-comments": "~2.0.1" }, "bin": { "rc": "./cli.js" } }, "sha512-y3bGgqKj3QBdxLbLkomlohkvsA8gdAiUQlSBJnBhfn+BPxg4bc62d8TcBW15wavDfgexCgccckhcZvywyQYPOw=="],

    "react": ["react@19.2.3", "", {}, "sha512-Ku/hhYbVjOQnXDZFv2+RibmLFGwFdeeKHFcOTlrt7xplBnya5OGn/hIRDsqDiSUcfORsDC7MPxwork8jBwsIWA=="],

    "react-dom": ["react-dom@19.2.3", "", { "dependencies": { "scheduler": "^0.27.0" }, "peerDependencies": { "react": "^19.2.3" } }, "sha512-yELu4WmLPw5Mr/lmeEpox5rw3RETacE++JgHqQzd2dg+YbJuat3jH4ingc+WPZhxaoFzdv9y33G+F7Nl5O0GBg=="],

    "react-dropzone": ["react-dropzone@15.0.0", "", { "dependencies": { "attr-accept": "^2.2.4", "file-selector": "^2.1.0", "prop-types": "^15.8.1" }, "peerDependencies": { "react": ">= 16.8 || 18.0.0" } }, "sha512-lGjYV/EoqEjEWPnmiSvH4v5IoIAwQM2W4Z1C0Q/Pw2xD0eVzKPS359BQTUMum+1fa0kH2nrKjuavmTPOGhpLPg=="],

    "react-is": ["react-is@16.13.1", "", {}, "sha512-24e6ynE2H+OKt4kqsOvNd8kBpV65zoxbA4BVsEOB3ARVWQki/DHzaUoC5KuON/BiccDaCCTZBuOcfZs70kR8bQ=="],

    "readable-stream": ["readable-stream@3.6.2", "", { "dependencies": { "inherits": "^2.0.3", "string_decoder": "^1.1.1", "util-deprecate": "^1.0.1" } }, "sha512-9u/sniCrY3D5WdsERHzHE4G2YCXqoG5FTHUiCC4SIbr6XcLZBY05ya9EKjYek9O5xOAwjGq+1JdGBAS7Q9ScoA=="],

    "retry": ["retry@0.13.1", "", {}, "sha512-XQBQ3I8W1Cge0Seh+6gjj03LbmRFWuoszgK9ooCpwYIrhhoO80pfq4cUkU5DkknwfOfFteRwlZ56PYOGYyFWdg=="],

    "safe-buffer": ["safe-buffer@5.2.1", "", {}, "sha512-rp3So07KcdmmKbGvgaNxQSJr7bGVSVk5S9Eq1F+ppbRo70+YeaDxkw5Dd8NPN+GD6bjnYm2VuPuCXmpuYvmCXQ=="],

    "scheduler": ["scheduler@0.27.0", "", {}, "sha512-eNv+WrVbKu1f3vbYJT/xtiF5syA5HPIMtf9IgY/nKg0sWqzAUEvqY/xm7OcZc/qafLx/iO9FgOmeSAp4v5ti/Q=="],

    "semver": ["semver@7.7.4", "", { "bin": { "semver": "bin/semver.js" } }, "sha512-vFKC2IEtQnVhpT78h1Yp8wzwrf8CM+MzKMHGJZfBtzhZNycRFnXsHk6E5TxIkkMsgNS7mdX3AGB7x2QM2di4lA=="],

    "sharp": ["sharp@0.34.5", "", { "dependencies": { "@img/colour": "^1.0.0", "detect-libc": "^2.1.2", "semver": "^7.7.3" }, "optionalDependencies": { "@img/sharp-darwin-arm64": "0.34.5", "@img/sharp-darwin-x64": "0.34.5", "@img/sharp-libvips-darwin-arm64": "1.2.4", "@img/sharp-libvips-darwin-x64": "1.2.4", "@img/sharp-libvips-linux-arm": "1.2.4", "@img/sharp-libvips-linux-arm64": "1.2.4", "@img/sharp-libvips-linux-ppc64": "1.2.4", "@img/sharp-libvips-linux-riscv64": "1.2.4", "@img/sharp-libvips-linux-s390x": "1.2.4", "@img/sharp-libvips-linux-x64": "1.2.4", "@img/sharp-libvips-linuxmusl-arm64": "1.2.4", "@img/sharp-libvips-linuxmusl-x64": "1.2.4", "@img/sharp-linux-arm": "0.34.5", "@img/sharp-linux-arm64": "0.34.5", "@img/sharp-linux-ppc64": "0.34.5", "@img/sharp-linux-riscv64": "0.34.5", "@img/sharp-linux-s390x": "0.34.5", "@img/sharp-linux-x64": "0.34.5", "@img/sharp-linuxmusl-arm64": "0.34.5", "@img/sharp-linuxmusl-x64": "0.34.5", "@img/sharp-wasm32": "0.34.5", "@img/sharp-win32-arm64": "0.34.5", "@img/sharp-win32-ia32": "0.34.5", "@img/sharp-win32-x64": "0.34.5" } }, "sha512-Ou9I5Ft9WNcCbXrU9cMgPBcCK8LiwLqcbywW3t4oDV37n1pzpuNLsYiAV8eODnjbtQlSDwZ2cUEeQz4E54Hltg=="],

    "simple-concat": ["simple-concat@1.0.1", "", {}, "sha512-cSFtAPtRhljv69IK0hTVZQ+OfE9nePi/rtJmw5UjHeVyVroEqJXP1sFztKUy1qU+xvz3u/sfYJLa947b7nAN2Q=="],

    "simple-get": ["simple-get@4.0.1", "", { "dependencies": { "decompress-response": "^6.0.0", "once": "^1.3.1", "simple-concat": "^1.0.0" } }, "sha512-brv7p5WgH0jmQJr1ZDDfKDOSeWWg+OVypG99A/5vYGPqJ6pxiaHLy8nxtFjBA7oMa01ebA9gfh1uMCFqOuXxvA=="],

    "source-map-js": ["source-map-js@1.2.1", "", {}, "sha512-UXWMKhLOwVKb728IUtQPXxfYU+usdybtUrK/8uGE8CQMvrhOpwvzDBwj0QhSL7MQc7vIsISBG8VQ8+IDQxpfQA=="],

    "string_decoder": ["string_decoder@1.3.0", "", { "dependencies": { "safe-buffer": "~5.2.0" } }, "sha512-hkRX8U1WjJFd8LsDJ2yQ/wWWxaopEsABU1XfkM8A+j0+85JAGppt16cr1Whg6KIbb4okU6Mql6BOj+uup/wKeA=="],

    "strip-json-comments": ["strip-json-comments@2.0.1", "", {}, "sha512-4gB8na07fecVVkOI6Rs4e7T6NOTki5EmL7TUduTs6bu3EdnSycntVJ4re8kgZA+wx9IueI2Y11bfbgwtzuE0KQ=="],

    "styled-jsx": ["styled-jsx@5.1.6", "", { "dependencies": { "client-only": "0.0.1" }, "peerDependencies": { "react": ">= 16.8.0 || 17.x.x || ^18.0.0-0 || ^19.0.0-0" } }, "sha512-qSVyDTeMotdvQYoHWLNGwRFJHC+i+ZvdBRYosOFgC+Wg1vx4frN2/RG/NA7SYqqvKNLf39P2LSRA2pu6n0XYZA=="],

    "tar-fs": ["tar-fs@2.1.4", "", { "dependencies": { "chownr": "^1.1.1", "mkdirp-classic": "^0.5.2", "pump": "^3.0.0", "tar-stream": "^2.1.4" } }, "sha512-mDAjwmZdh7LTT6pNleZ05Yt65HC3E+NiQzl672vQG38jIrehtJk/J3mNwIg+vShQPcLF/LV7CMnDW6vjj6sfYQ=="],

    "tar-stream": ["tar-stream@2.2.0", "", { "dependencies": { "bl": "^4.0.3", "end-of-stream": "^1.4.1", "fs-constants": "^1.0.0", "inherits": "^2.0.3", "readable-stream": "^3.1.1" } }, "sha512-ujeqbceABgwMZxEJnk2HDY2DlnUZ+9oEcb1KzTVfYHio0UE6dG71n60d8D2I4qNvleWrrXpmjpt7vZeF1LnMZQ=="],

    "throttleit": ["throttleit@2.1.0", "", {}, "sha512-nt6AMGKW1p/70DF/hGBdJB57B8Tspmbp5gfJ8ilhLnt7kkr2ye7hzD6NVG8GGErk2HWF34igrL2CXmNIkzKqKw=="],

    "tslib": ["tslib@2.8.1", "", {}, "sha512-oJFu94HQb+KVduSUQL7wnpmqnfmLsOA/nAh6b6EH0wCEoK0/mPeXU6c3wKDV83MkOuHPRHtSXKKU99IBazS/2w=="],

    "tunnel-agent": ["tunnel-agent@0.6.0", "", { "dependencies": { "safe-buffer": "^5.0.1" } }, "sha512-McnNiV1l8RYeY8tBgEpuodCC1mLUdbSN+CYBL7kJsJNInOP8UjDDEwdk6Mw60vdLLrr5NHKZhMAOSrR2NZuQ+w=="],

    "typescript": ["typescript@5.9.3", "", { "bin": { "tsc": "bin/tsc", "tsserver": "bin/tsserver" } }, "sha512-jl1vZzPDinLr9eUt3J/t7V6FgNEw9QjvBPdysz9KfQDD41fQrC2Y4vKQdiaUpFT4bXlb1RHhLpp8wtm6M5TgSw=="],

    "undici": ["undici@6.23.0", "", {}, "sha512-VfQPToRA5FZs/qJxLIinmU59u0r7LXqoJkCzinq3ckNJp3vKEh7jTWN589YQ5+aoAC/TGRLyJLCPKcLQbM8r9g=="],

    "undici-types": ["undici-types@7.18.2", "", {}, "sha512-AsuCzffGHJybSaRrmr5eHr81mwJU3kjw6M+uprWvCXiNeN9SOGwQ3Jn8jb8m3Z6izVgknn1R0FTCEAP2QrLY/w=="],

    "util-deprecate": ["util-deprecate@1.0.2", "", {}, "sha512-EPD5q1uXyFxJpCrLnCc1nHnq3gOa6DZBocAIiI2TaSCA7VCJ1UJDMagCzIkXNsUYfD1daK//LTEQ8xiIbrHtcw=="],

    "uuid": ["uuid@13.0.0", "", { "bin": { "uuid": "dist-node/bin/uuid" } }, "sha512-XQegIaBTVUjSHliKqcnFqYypAd4S+WCYt5NIeRs6w/UAry7z8Y9j5ZwRRL4kzq9U3sD6v+85er9FvkEaBpji2w=="],

    "wrappy": ["wrappy@1.0.2", "", {}, "sha512-l4Sp/DRseor9wL6EvV2+TuQn63dMkPjZ/sp9XkghTEbV9KlPS1xUsZ3u7/IQO4wxtcFB4bgpQPRcR3QCvezPcQ=="],

    "ws": ["ws@8.19.0", "", { "peerDependencies": { "bufferutil": "^4.0.1", "utf-8-validate": ">=5.0.2" }, "optionalPeers": ["bufferutil", "utf-8-validate"] }, "sha512-blAT2mjOEIi0ZzruJfIhb3nps74PRWTCz1IjglWEEpQl5XS/UNama6u2/rjFkDDouqr4L67ry+1aGIALViWjDg=="],

    "@types/pg/@types/node": ["@types/node@20.19.35", "", { "dependencies": { "undici-types": "~6.21.0" } }, "sha512-Uarfe6J91b9HAUXxjvSOdiO2UPOKLm07Q1oh0JHxoZ1y8HoqxDAu3gVrsrOHeiio0kSsoVBt4wFrKOm0dKxVPQ=="],

    "@types/pg/@types/node/undici-types": ["undici-types@6.21.0", "", {}, "sha512-iwDZqg0QAGrg9Rav5H4n0M64c3mkR59cJ6wQp+7C4nI0gsmExaedaYLNO44eT4AtBBwjbTiGPMlt2Md0T9H9JQ=="],
  }
}
